
Microsoft Visual Studio Solution File, Format Version 12.00
# Visual Studio Version 17
VisualStudioVersion = 17.2.32630.192
MinimumVisualStudioVersion = 10.0.40219.1
Project("{8BC9CEB8-8B4A-11D0-8D11-00A0C91BC942}") = "Project15", "Project15\Project15.vcxproj", "{F29D817A-23E6-4561-8C58-1B30959B782A}"
EndProject
Project("{8BC9CEB8-8B4A-11D0-8D11-00A0C91BC942}") = "Project1", "Project1\Project1.vcxproj", "{63DD9BFD-DC93-4702-B696-7AB9E57DB427}"
EndProject
Project("{8BC9CEB8-8B4A-11D0-8D11-00A0C91BC942}") = "Project15_Game", "..\Project15_Game\Project15_Game\Project15_Game.vcxproj", "{CA132209-F926-42DC-B23D-3C71FC5D5B14}"
EndProject
Global
	GlobalSection(SolutionConfigurationPlatforms) = preSolution
		Debug|x64 = Debug|x64
		Debug|x86 = Debug|x86
		Release|x64 = Release|x64
		Release|x86 = Release|x86
	EndGlobalSection
	GlobalSection(ProjectConfigurationPlatforms) = postSolution
		{F29D817A-23E6-4561-8C58-1B30959B782A}.Debug|x64.ActiveCfg = Debug|x64
		{F29D817A-23E6-4561-8C58-1B30959B782A}.Debug|x64.Build.0 = Debug|x64
		{F29D817A-23E6-4561-8C58-1B30959B782A}.Debug|x86.ActiveCfg = Debug|Win32
		{F29D817A-23E6-4561-8C58-1B30959B782A}.Debug|x86.Build.0 = Debug|Win32
		{F29D817A-23E6-4561-8C58-1B30959B782A}.Release|x64.ActiveCfg = Release|x64
		{F29D817A-23E6-4561-8C58-1B30959B782A}.Release|x64.Build.0 = Release|x64
		{F29D817A-23E6-4561-8C58-1B30959B782A}.Release|x86.ActiveCfg = Release|Win32
		{F29D817A-23E6-4561-8C58-1B30959B782A}.Release|x86.Build.0 = Release|Win32
		{63DD9BFD-DC93-4702-B696-7AB9E57DB427}.Debug|x64.ActiveCfg = Debug|x64
		{63DD9BFD-DC93-4702-B696-7AB9E57DB427}.Debug|x64.Build.0 = Debug|x64
		{63DD9BFD-DC93-4702-B696-7AB9E57DB427}.Debug|x86.ActiveCfg = Debug|Win32
		{63DD9BFD-DC93-4702-B696-7AB9E57DB427}.Debug|x86.Build.0 = Debug|Win32
		{63DD9BFD-DC93-4702-B696-7AB9E57DB427}.Release|x64.ActiveCfg = Release|x64
		{63DD9BFD-DC93-4702-B696-7AB9E57DB427}.Release|x64.Build.0 = Release|x64
		{63DD9BFD-DC93-4702-B696-7AB9E57DB427}.Release|x86.ActiveCfg = Release|Win32
		{63DD9BFD-DC93-4702-B696-7AB9E57DB427}.Release|x86.Build.0 = Release|Win32
		{CA132209-F926-42DC-B23D-3C71FC5D5B14}.Debug|x64.ActiveCfg = Debug|x64
		{CA132209-F926-42DC-B23D-3C71FC5D5B14}.Debug|x64.Build.0 = Debug|x64
		{CA132209-F926-42DC-B23D-3C71FC5D5B14}.Debug|x86.ActiveCfg = Debug|Win32
		{CA132209-F926-42DC-B23D-3C71FC5D5B14}.Debug|x86.Build.0 = Debug|Win32
		{CA132209-F926-42DC-B23D-3C71FC5D5B14}.Release|x64.ActiveCfg = Release|x64
		{CA132209-F926-42DC-B23D-3C71FC5D5B14}.Release|x64.Build.0 = Release|x64
		{CA132209-F926-42DC-B23D-3C71FC5D5B14}.Release|x86.ActiveCfg = Release|Win32
		{CA132209-F926-42DC-B23D-3C71FC5D5B14}.Release|x86.Build.0 = Release|Win32
	EndGlobalSection
	GlobalSection(SolutionProperties) = preSolution
		HideSolutionNode = FALSE
	EndGlobalSection
	GlobalSection(ExtensibilityGlobals) = postSolution
		SolutionGuid = {03D264A2-FB17-4B39-908A-56150392E7E5}
	EndGlobalSection
EndGlobal
