
Microsoft Visual Studio Solution File, Format Version 12.00
# Visual Studio Version 17
VisualStudioVersion = 17.2.32630.192
MinimumVisualStudioVersion = 10.0.40219.1
Project("{8BC9CEB8-8B4A-11D0-8D11-00A0C91BC942}") = "Project8", "Project8\Project8.vcxproj", "{E828BBF0-D1C7-4E57-AA65-FF17D8DD0AAD}"
EndProject
Global
	GlobalSection(SolutionConfigurationPlatforms) = preSolution
		Debug|x64 = Debug|x64
		Debug|x86 = Debug|x86
		Release|x64 = Release|x64
		Release|x86 = Release|x86
	EndGlobalSection
	GlobalSection(ProjectConfigurationPlatforms) = postSolution
		{E828BBF0-D1C7-4E57-AA65-FF17D8DD0AAD}.Debug|x64.ActiveCfg = Debug|x64
		{E828BBF0-D1C7-4E57-AA65-FF17D8DD0AAD}.Debug|x64.Build.0 = Debug|x64
		{E828BBF0-D1C7-4E57-AA65-FF17D8DD0AAD}.Debug|x86.ActiveCfg = Debug|Win32
		{E828BBF0-D1C7-4E57-AA65-FF17D8DD0AAD}.Debug|x86.Build.0 = Debug|Win32
		{E828BBF0-D1C7-4E57-AA65-FF17D8DD0AAD}.Release|x64.ActiveCfg = Release|x64
		{E828BBF0-D1C7-4E57-AA65-FF17D8DD0AAD}.Release|x64.Build.0 = Release|x64
		{E828BBF0-D1C7-4E57-AA65-FF17D8DD0AAD}.Release|x86.ActiveCfg = Release|Win32
		{E828BBF0-D1C7-4E57-AA65-FF17D8DD0AAD}.Release|x86.Build.0 = Release|Win32
	EndGlobalSection
	GlobalSection(SolutionProperties) = preSolution
		HideSolutionNode = FALSE
	EndGlobalSection
	GlobalSection(ExtensibilityGlobals) = postSolution
		SolutionGuid = {0F5B251D-3B4A-4DB1-A8DB-80C4F055D621}
	EndGlobalSection
EndGlobal
